
Microsoft Visual Studio Solution File, Format Version 12.00
# Visual Studio Version 17
VisualStudioVersion = 17.3.32922.545
MinimumVisualStudioVersion = 10.0.40219.1
Project("{FAE04EC0-301F-11D3-BF4B-00C04F79EFBC}") = "Hospital__Server", "Hospital__Server\Hospital__Server.csproj", "{00D2210A-F525-4CE7-A27B-4ACC74EC6CBA}"
EndProject
Global
	GlobalSection(SolutionConfigurationPlatforms) = preSolution
		Debug|Any CPU = Debug|Any CPU
		Release|Any CPU = Release|Any CPU
	EndGlobalSection
	GlobalSection(ProjectConfigurationPlatforms) = postSolution
		{00D2210A-F525-4CE7-A27B-4ACC74EC6CBA}.Debug|Any CPU.ActiveCfg = Debug|Any CPU
		{00D2210A-F525-4CE7-A27B-4ACC74EC6CBA}.Debug|Any CPU.Build.0 = Debug|Any CPU
		{00D2210A-F525-4CE7-A27B-4ACC74EC6CBA}.Release|Any CPU.ActiveCfg = Release|Any CPU
		{00D2210A-F525-4CE7-A27B-4ACC74EC6CBA}.Release|Any CPU.Build.0 = Release|Any CPU
	EndGlobalSection
	GlobalSection(SolutionProperties) = preSolution
		HideSolutionNode = FALSE
	EndGlobalSection
	GlobalSection(ExtensibilityGlobals) = postSolution
		SolutionGuid = {A496B917-B0BE-475D-9947-474276CD95DA}
	EndGlobalSection
EndGlobal
